// !$*UTF8*$!
{
	archiveVersion = 1;
	classes = {
	};
	objectVersion = 50;
	objects = {

/* Begin PBXBuildFile section */
		E85263D1265ED147003D7674 /* SafariView.swift in Sources */ = {isa = PBXBuildFile; fileRef = E85263D0265ED147003D7674 /* SafariView.swift */; };
		E8841E38265837E100971705 /* ProjectXApp.swift in Sources */ = {isa = PBXBuildFile; fileRef = E8841E37265837E100971705 /* ProjectXApp.swift */; };
		E8841E3A265837E100971705 /* ContentView.swift in Sources */ = {isa = PBXBuildFile; fileRef = E8841E39265837E100971705 /* ContentView.swift */; };
		E8841E3C265837E400971705 /* Assets.xcassets in Resources */ = {isa = PBXBuildFile; fileRef = E8841E3B265837E400971705 /* Assets.xcassets */; };
		E8841E3F265837E400971705 /* Preview Assets.xcassets in Resources */ = {isa = PBXBuildFile; fileRef = E8841E3E265837E400971705 /* Preview Assets.xcassets */; };
		E8841E472658388F00971705 /* OpeningScreen.swift in Sources */ = {isa = PBXBuildFile; fileRef = E8841E462658388F00971705 /* OpeningScreen.swift */; };
		E8841E492658457400971705 /* DataService.swift in Sources */ = {isa = PBXBuildFile; fileRef = E8841E482658457400971705 /* DataService.swift */; };
		E8841E4B26584FE900971705 /* ArticleModel.swift in Sources */ = {isa = PBXBuildFile; fileRef = E8841E4A26584FE900971705 /* ArticleModel.swift */; };
		E8963EBB265C3987000F49CB /* SafariLaunchScreen.swift in Sources */ = {isa = PBXBuildFile; fileRef = E8963EBA265C3987000F49CB /* SafariLaunchScreen.swift */; };
		E8D2C646265BC2F400FA482D /* TeslaNewsView.swift in Sources */ = {isa = PBXBuildFile; fileRef = E8D2C645265BC2F400FA482D /* TeslaNewsView.swift */; };
/* End PBXBuildFile section */

/* Begin PBXFileReference section */
		E85263D0265ED147003D7674 /* SafariView.swift */ = {isa = PBXFileReference; lastKnownFileType = sourcecode.swift; path = SafariView.swift; sourceTree = "<group>"; };
		E8841E34265837E100971705 /* ProjectX.app */ = {isa = PBXFileReference; explicitFileType = wrapper.application; includeInIndex = 0; path = ProjectX.app; sourceTree = BUILT_PRODUCTS_DIR; };
		E8841E37265837E100971705 /* ProjectXApp.swift */ = {isa = PBXFileReference; lastKnownFileType = sourcecode.swift; path = ProjectXApp.swift; sourceTree = "<group>"; };
		E8841E39265837E100971705 /* ContentView.swift */ = {isa = PBXFileReference; lastKnownFileType = sourcecode.swift; path = ContentView.swift; sourceTree = "<group>"; };
		E8841E3B265837E400971705 /* Assets.xcassets */ = {isa = PBXFileReference; lastKnownFileType = folder.assetcatalog; path = Assets.xcassets; sourceTree = "<group>"; };
		E8841E3E265837E400971705 /* Preview Assets.xcassets */ = {isa = PBXFileReference; lastKnownFileType = folder.assetcatalog; path = "Preview Assets.xcassets"; sourceTree = "<group>"; };
		E8841E40265837E400971705 /* Info.plist */ = {isa = PBXFileReference; lastKnownFileType = text.plist.xml; path = Info.plist; sourceTree = "<group>"; };
		E8841E462658388F00971705 /* OpeningScreen.swift */ = {isa = PBXFileReference; fileEncoding = 4; lastKnownFileType = sourcecode.swift; path = OpeningScreen.swift; sourceTree = "<group>"; };
		E8841E482658457400971705 /* DataService.swift */ = {isa = PBXFileReference; lastKnownFileType = sourcecode.swift; path = DataService.swift; sourceTree = "<group>"; };
		E8841E4A26584FE900971705 /* ArticleModel.swift */ = {isa = PBXFileReference; lastKnownFileType = sourcecode.swift; path = ArticleModel.swift; sourceTree = "<group>"; };
		E8963EBA265C3987000F49CB /* SafariLaunchScreen.swift */ = {isa = PBXFileReference; lastKnownFileType = sourcecode.swift; path = SafariLaunchScreen.swift; sourceTree = "<group>"; };
		E8D2C645265BC2F400FA482D /* TeslaNewsView.swift */ = {isa = PBXFileReference; lastKnownFileType = sourcecode.swift; path = TeslaNewsView.swift; sourceTree = "<group>"; };
/* End PBXFileReference section */

/* Begin PBXFrameworksBuildPhase section */
		E8841E31265837E100971705 /* Frameworks */ = {
			isa = PBXFrameworksBuildPhase;
			buildActionMask = 2147483647;
			files = (
			);
			runOnlyForDeploymentPostprocessing = 0;
		};
/* End PBXFrameworksBuildPhase section */

/* Begin PBXGroup section */
		E8841E2B265837E100971705 = {
			isa = PBXGroup;
			children = (
				E8841E36265837E100971705 /* ProjectX */,
				E8841E35265837E100971705 /* Products */,
			);
			sourceTree = "<group>";
		};
		E8841E35265837E100971705 /* Products */ = {
			isa = PBXGroup;
			children = (
				E8841E34265837E100971705 /* ProjectX.app */,
			);
			name = Products;
			sourceTree = "<group>";
		};
		E8841E36265837E100971705 /* ProjectX */ = {
			isa = PBXGroup;
			children = (
				E8841E37265837E100971705 /* ProjectXApp.swift */,
				E8D2C647265BC30A00FA482D /* Views */,
				E8963EB9265C3941000F49CB /* Model */,
				E8963EB8265C3927000F49CB /* Data */,
				E8841E3B265837E400971705 /* Assets.xcassets */,
				E8841E40265837E400971705 /* Info.plist */,
				E8841E3D265837E400971705 /* Preview Content */,
			);
			path = ProjectX;
			sourceTree = "<group>";
		};
		E8841E3D265837E400971705 /* Preview Content */ = {
			isa = PBXGroup;
			children = (
				E8841E3E265837E400971705 /* Preview Assets.xcassets */,
			);
			path = "Preview Content";
			sourceTree = "<group>";
		};
		E8963EB8265C3927000F49CB /* Data */ = {
			isa = PBXGroup;
			children = (
				E8841E482658457400971705 /* DataService.swift */,
				E8963EBA265C3987000F49CB /* SafariLaunchScreen.swift */,
			);
			path = Data;
			sourceTree = "<group>";
		};
		E8963EB9265C3941000F49CB /* Model */ = {
			isa = PBXGroup;
			children = (
				E8841E4A26584FE900971705 /* ArticleModel.swift */,
			);
			path = Model;
			sourceTree = "<group>";
		};
		E8D2C647265BC30A00FA482D /* Views */ = {
			isa = PBXGroup;
			children = (
				E8841E462658388F00971705 /* OpeningScreen.swift */,
				E8841E39265837E100971705 /* ContentView.swift */,
				E8D2C645265BC2F400FA482D /* TeslaNewsView.swift */,
				E85263D0265ED147003D7674 /* SafariView.swift */,
			);
			path = Views;
			sourceTree = "<group>";
		};
/* End PBXGroup section */

/* Begin PBXNativeTarget section */
		E8841E33265837E100971705 /* ProjectX */ = {
			isa = PBXNativeTarget;
			buildConfigurationList = E8841E43265837E400971705 /* Build configuration list for PBXNativeTarget "ProjectX" */;
			buildPhases = (
				E8841E30265837E100971705 /* Sources */,
				E8841E31265837E100971705 /* Frameworks */,
				E8841E32265837E100971705 /* Resources */,
			);
			buildRules = (
			);
			dependencies = (
			);
			name = ProjectX;
			productName = ProjectX;
			productReference = E8841E34265837E100971705 /* ProjectX.app */;
			productType = "com.apple.product-type.application";
		};
/* End PBXNativeTarget section */

/* Begin PBXProject section */
		E8841E2C265837E100971705 /* Project object */ = {
			isa = PBXProject;
			attributes = {
				LastSwiftUpdateCheck = 1250;
				LastUpgradeCheck = 1250;
				TargetAttributes = {
					E8841E33265837E100971705 = {
						CreatedOnToolsVersion = 12.5;
					};
				};
			};
			buildConfigurationList = E8841E2F265837E100971705 /* Build configuration list for PBXProject "ProjectX" */;
			compatibilityVersion = "Xcode 9.3";
			developmentRegion = en;
			hasScannedForEncodings = 0;
			knownRegions = (
				en,
				Base,
			);
			mainGroup = E8841E2B265837E100971705;
			productRefGroup = E8841E35265837E100971705 /* Products */;
			projectDirPath = "";
			projectRoot = "";
			targets = (
				E8841E33265837E100971705 /* ProjectX */,
			);
		};
/* End PBXProject section */

/* Begin PBXResourcesBuildPhase section */
		E8841E32265837E100971705 /* Resources */ = {
			isa = PBXResourcesBuildPhase;
			buildActionMask = 2147483647;
			files = (
				E8841E3F265837E400971705 /* Preview Assets.xcassets in Resources */,
				E8841E3C265837E400971705 /* Assets.xcassets in Resources */,
			);
			runOnlyForDeploymentPostprocessing = 0;
		};
/* End PBXResourcesBuildPhase section */

/* Begin PBXSourcesBuildPhase section */
		E8841E30265837E100971705 /* Sources */ = {
			isa = PBXSourcesBuildPhase;
			buildActionMask = 2147483647;
			files = (
				E8841E3A265837E100971705 /* ContentView.swift in Sources */,
				E8963EBB265C3987000F49CB /* SafariLaunchScreen.swift in Sources */,
				E85263D1265ED147003D7674 /* SafariView.swift in Sources */,
				E8841E4B26584FE900971705 /* ArticleModel.swift in Sources */,
				E8841E472658388F00971705 /* OpeningScreen.swift in Sources */,
				E8D2C646265BC2F400FA482D /* TeslaNewsView.swift in Sources */,
				E8841E38265837E100971705 /* ProjectXApp.swift in Sources */,
				E8841E492658457400971705 /* DataService.swift in Sources */,
			);
			runOnlyForDeploymentPostprocessing = 0;
		};
/* End PBXSourcesBuildPhase section */

/* Begin XCBuildConfiguration section */
		E8841E41265837E400971705 /* Debug */ = {
			isa = XCBuildConfiguration;
			buildSettings = {
				ALWAYS_SEARCH_USER_PATHS = NO;
				CLANG_ANALYZER_NONNULL = YES;
				CLANG_ANALYZER_NUMBER_OBJECT_CONVERSION = YES_AGGRESSIVE;
				CLANG_CXX_LANGUAGE_STANDARD = "gnu++14";
				CLANG_CXX_LIBRARY = "libc++";
				CLANG_ENABLE_MODULES = YES;
				CLANG_ENABLE_OBJC_ARC = YES;
				CLANG_ENABLE_OBJC_WEAK = YES;
				CLANG_WARN_BLOCK_CAPTURE_AUTORELEASING = YES;
				CLANG_WARN_BOOL_CONVERSION = YES;
				CLANG_WARN_COMMA = YES;
				CLANG_WARN_CONSTANT_CONVERSION = YES;
				CLANG_WARN_DEPRECATED_OBJC_IMPLEMENTATIONS = YES;
				CLANG_WARN_DIRECT_OBJC_ISA_USAGE = YES_ERROR;
				CLANG_WARN_DOCUMENTATION_COMMENTS = YES;
				CLANG_WARN_EMPTY_BODY = YES;
				CLANG_WARN_ENUM_CONVERSION = YES;
				CLANG_WARN_INFINITE_RECURSION = YES;
				CLANG_WARN_INT_CONVERSION = YES;
				CLANG_WARN_NON_LITERAL_NULL_CONVERSION = YES;
				CLANG_WARN_OBJC_IMPLICIT_RETAIN_SELF = YES;
				CLANG_WARN_OBJC_LITERAL_CONVERSION = YES;
				CLANG_WARN_OBJC_ROOT_CLASS = YES_ERROR;
				CLANG_WARN_QUOTED_INCLUDE_IN_FRAMEWORK_HEADER = YES;
				CLANG_WARN_RANGE_LOOP_ANALYSIS = YES;
				CLANG_WARN_STRICT_PROTOTYPES = YES;
				CLANG_WARN_SUSPICIOUS_MOVE = YES;
				CLANG_WARN_UNGUARDED_AVAILABILITY = YES_AGGRESSIVE;
				CLANG_WARN_UNREACHABLE_CODE = YES;
				CLANG_WARN__DUPLICATE_METHOD_MATCH = YES;
				COPY_PHASE_STRIP = NO;
				DEBUG_INFORMATION_FORMAT = dwarf;
				ENABLE_STRICT_OBJC_MSGSEND = YES;
				ENABLE_TESTABILITY = YES;
				GCC_C_LANGUAGE_STANDARD = gnu11;
				GCC_DYNAMIC_NO_PIC = NO;
				GCC_NO_COMMON_BLOCKS = YES;
				GCC_OPTIMIZATION_LEVEL = 0;
				GCC_PREPROCESSOR_DEFINITIONS = (
					"DEBUG=1",
					"$(inherited)",
				);
				GCC_WARN_64_TO_32_BIT_CONVERSION = YES;
				GCC_WARN_ABOUT_RETURN_TYPE = YES_ERROR;
				GCC_WARN_UNDECLARED_SELECTOR = YES;
				GCC_WARN_UNINITIALIZED_AUTOS = YES_AGGRESSIVE;
				GCC_WARN_UNUSED_FUNCTION = YES;
				GCC_WARN_UNUSED_VARIABLE = YES;
				IPHONEOS_DEPLOYMENT_TARGET = 14.5;
				MTL_ENABLE_DEBUG_INFO = INCLUDE_SOURCE;
				MTL_FAST_MATH = YES;
				ONLY_ACTIVE_ARCH = YES;
				SDKROOT = iphoneos;
				SWIFT_ACTIVE_COMPILATION_CONDITIONS = DEBUG;
				SWIFT_OPTIMIZATION_LEVEL = "-Onone";
			};
			name = Debug;
		};
		E8841E42265837E400971705 /* Release */ = {
			isa = XCBuildConfiguration;
			buildSettings = {
				ALWAYS_SEARCH_USER_PATHS = NO;
				CLANG_ANALYZER_NONNULL = YES;
				CLANG_ANALYZER_NUMBER_OBJECT_CONVERSION = YES_AGGRESSIVE;
				CLANG_CXX_LANGUAGE_STANDARD = "gnu++14";
				CLANG_CXX_LIBRARY = "libc++";
				CLANG_ENABLE_MODULES = YES;
				CLANG_ENABLE_OBJC_ARC = YES;
				CLANG_ENABLE_OBJC_WEAK = YES;
				CLANG_WARN_BLOCK_CAPTURE_AUTORELEASING = YES;
				CLANG_WARN_BOOL_CONVERSION = YES;
				CLANG_WARN_COMMA = YES;
				CLANG_WARN_CONSTANT_CONVERSION = YES;
				CLANG_WARN_DEPRECATED_OBJC_IMPLEMENTATIONS = YES;
				CLANG_WARN_DIRECT_OBJC_ISA_USAGE = YES_ERROR;
				CLANG_WARN_DOCUMENTATION_COMMENTS = YES;
				CLANG_WARN_EMPTY_BODY = YES;
				CLANG_WARN_ENUM_CONVERSION = YES;
				CLANG_WARN_INFINITE_RECURSION = YES;
				CLANG_WARN_INT_CONVERSION = YES;
				CLANG_WARN_NON_LITERAL_NULL_CONVERSION = YES;
				CLANG_WARN_OBJC_IMPLICIT_RETAIN_SELF = YES;
				CLANG_WARN_OBJC_LITERAL_CONVERSION = YES;
				CLANG_WARN_OBJC_ROOT_CLASS = YES_ERROR;
				CLANG_WARN_QUOTED_INCLUDE_IN_FRAMEWORK_HEADER = YES;
				CLANG_WARN_RANGE_LOOP_ANALYSIS = YES;
				CLANG_WARN_STRICT_PROTOTYPES = YES;
				CLANG_WARN_SUSPICIOUS_MOVE = YES;
				CLANG_WARN_UNGUARDED_AVAILABILITY = YES_AGGRESSIVE;
				CLANG_WARN_UNREACHABLE_CODE = YES;
				CLANG_WARN__DUPLICATE_METHOD_MATCH = YES;
				COPY_PHASE_STRIP = NO;
				DEBUG_INFORMATION_FORMAT = "dwarf-with-dsym";
				ENABLE_NS_ASSERTIONS = NO;
				ENABLE_STRICT_OBJC_MSGSEND = YES;
				GCC_C_LANGUAGE_STANDARD = gnu11;
				GCC_NO_COMMON_BLOCKS = YES;
				GCC_WARN_64_TO_32_BIT_CONVERSION = YES;
				GCC_WARN_ABOUT_RETURN_TYPE = YES_ERROR;
				GCC_WARN_UNDECLARED_SELECTOR = YES;
				GCC_WARN_UNINITIALIZED_AUTOS = YES_AGGRESSIVE;
				GCC_WARN_UNUSED_FUNCTION = YES;
				GCC_WARN_UNUSED_VARIABLE = YES;
				IPHONEOS_DEPLOYMENT_TARGET = 14.5;
				MTL_ENABLE_DEBUG_INFO = NO;
				MTL_FAST_MATH = YES;
				SDKROOT = iphoneos;
				SWIFT_COMPILATION_MODE = wholemodule;
				SWIFT_OPTIMIZATION_LEVEL = "-O";
				VALIDATE_PRODUCT = YES;
			};
			name = Release;
		};
		E8841E44265837E400971705 /* Debug */ = {
			isa = XCBuildConfiguration;
			buildSettings = {
				ASSETCATALOG_COMPILER_APPICON_NAME = AppIcon;
				ASSETCATALOG_COMPILER_GLOBAL_ACCENT_COLOR_NAME = AccentColor;
				CODE_SIGN_STYLE = Automatic;
				DEVELOPMENT_ASSET_PATHS = "\"ProjectX/Preview Content\"";
				DEVELOPMENT_TEAM = TFDUV3975L;
				ENABLE_PREVIEWS = YES;
				INFOPLIST_FILE = ProjectX/Info.plist;
				IPHONEOS_DEPLOYMENT_TARGET = 14.0;
				LD_RUNPATH_SEARCH_PATHS = (
					"$(inherited)",
					"@executable_path/Frameworks",
				);
				PRODUCT_BUNDLE_IDENTIFIER = tahacekin.ProjectX;
				PRODUCT_NAME = "$(TARGET_NAME)";
				SWIFT_VERSION = 5.0;
				TARGETED_DEVICE_FAMILY = "1,2";
			};
			name = Debug;
		};
		E8841E45265837E400971705 /* Release */ = {
			isa = XCBuildConfiguration;
			buildSettings = {
				ASSETCATALOG_COMPILER_APPICON_NAME = AppIcon;
				ASSETCATALOG_COMPILER_GLOBAL_ACCENT_COLOR_NAME = AccentColor;
				CODE_SIGN_STYLE = Automatic;
				DEVELOPMENT_ASSET_PATHS = "\"ProjectX/Preview Content\"";
				DEVELOPMENT_TEAM = TFDUV3975L;
				ENABLE_PREVIEWS = YES;
				INFOPLIST_FILE = ProjectX/Info.plist;
				IPHONEOS_DEPLOYMENT_TARGET = 14.0;
				LD_RUNPATH_SEARCH_PATHS = (
					"$(inherited)",
					"@executable_path/Frameworks",
				);
				PRODUCT_BUNDLE_IDENTIFIER = tahacekin.ProjectX;
				PRODUCT_NAME = "$(TARGET_NAME)";
				SWIFT_VERSION = 5.0;
				TARGETED_DEVICE_FAMILY = "1,2";
			};
			name = Release;
		};
/* End XCBuildConfiguration section */

/* Begin XCConfigurationList section */
		E8841E2F265837E100971705 /* Build configuration list for PBXProject "ProjectX" */ = {
			isa = XCConfigurationList;
			buildConfigurations = (
				E8841E41265837E400971705 /* Debug */,
				E8841E42265837E400971705 /* Release */,
			);
			defaultConfigurationIsVisible = 0;
			defaultConfigurationName = Release;
		};
		E8841E43265837E400971705 /* Build configuration list for PBXNativeTarget "ProjectX" */ = {
			isa = XCConfigurationList;
			buildConfigurations = (
				E8841E44265837E400971705 /* Debug */,
				E8841E45265837E400971705 /* Release */,
			);
			defaultConfigurationIsVisible = 0;
			defaultConfigurationName = Release;
		};
/* End XCConfigurationList section */
	};
	rootObject = E8841E2C265837E100971705 /* Project object */;
}
